# THIS IS AN AUTOGENERATED FILE. DO NOT EDIT THIS FILE DIRECTLY.
# yarn lockfile v1


"@esbuild/aix-ppc64@0.27.2":
  version "0.27.2"
  resolved "https://registry.yarnpkg.com/@esbuild/aix-ppc64/-/aix-ppc64-0.27.2.tgz#521cbd968dcf362094034947f76fa1b18d2d403c"
  integrity sha512-GZMB+a0mOMZs4MpDbj8RJp4cw+w1WV5NYD6xzgvzUJ5Ek2jerwfO2eADyI6ExDSUED+1X8aMbegahsJi+8mgpw==

"@esbuild/android-arm64@0.27.2":
  version "0.27.2"
  resolved "https://registry.yarnpkg.com/@esbuild/android-arm64/-/android-arm64-0.27.2.tgz#61ea550962d8aa12a9b33194394e007657a6df57"
  integrity sha512-pvz8ZZ7ot/RBphf8fv60ljmaoydPU12VuXHImtAs0XhLLw+EXBi2BLe3OYSBslR4rryHvweW5gmkKFwTiFy6KA==

"@esbuild/android-arm@0.27.2":
  version "0.27.2"
  resolved "https://registry.yarnpkg.com/@esbuild/android-arm/-/android-arm-0.27.2.tgz#554887821e009dd6d853f972fde6c5143f1de142"
  integrity sha512-DVNI8jlPa7Ujbr1yjU2PfUSRtAUZPG9I1RwW4F4xFB1Imiu2on0ADiI/c3td+KmDtVKNbi+nffGDQMfcIMkwIA==

"@esbuild/android-x64@0.27.2":
  version "0.27.2"
  resolved "https://registry.yarnpkg.com/@esbuild/android-x64/-/android-x64-0.27.2.tgz#a7ce9d0721825fc578f9292a76d9e53334480ba2"
  integrity sha512-z8Ank4Byh4TJJOh4wpz8g2vDy75zFL0TlZlkUkEwYXuPSgX8yzep596n6mT7905kA9uHZsf/o2OJZubl2l3M7A==

"@esbuild/darwin-arm64@0.27.2":
  version "0.27.2"
  resolved "https://registry.yarnpkg.com/@esbuild/darwin-arm64/-/darwin-arm64-0.27.2.tgz#2cb7659bd5d109803c593cfc414450d5430c8256"
  integrity sha512-davCD2Zc80nzDVRwXTcQP/28fiJbcOwvdolL0sOiOsbwBa72kegmVU0Wrh1MYrbuCL98Omp5dVhQFWRKR2ZAlg==

"@esbuild/darwin-x64@0.27.2":
  version "0.27.2"
  resolved "https://registry.yarnpkg.com/@esbuild/darwin-x64/-/darwin-x64-0.27.2.tgz#e741fa6b1abb0cd0364126ba34ca17fd5e7bf509"
  integrity sha512-ZxtijOmlQCBWGwbVmwOF/UCzuGIbUkqB1faQRf5akQmxRJ1ujusWsb3CVfk/9iZKr2L5SMU5wPBi1UWbvL+VQA==

"@esbuild/freebsd-arm64@0.27.2":
  version "0.27.2"
  resolved "https://registry.yarnpkg.com/@esbuild/freebsd-arm64/-/freebsd-arm64-0.27.2.tgz#2b64e7116865ca172d4ce034114c21f3c93e397c"
  integrity sha512-lS/9CN+rgqQ9czogxlMcBMGd+l8Q3Nj1MFQwBZJyoEKI50XGxwuzznYdwcav6lpOGv5BqaZXqvBSiB/kJ5op+g==

"@esbuild/freebsd-x64@0.27.2":
  version "0.27.2"
  resolved "https://registry.yarnpkg.com/@esbuild/freebsd-x64/-/freebsd-x64-0.27.2.tgz#e5252551e66f499e4934efb611812f3820e990bb"
  integrity sha512-tAfqtNYb4YgPnJlEFu4c212HYjQWSO/w/h/lQaBK7RbwGIkBOuNKQI9tqWzx7Wtp7bTPaGC6MJvWI608P3wXYA==

"@esbuild/linux-arm64@0.27.2":
  version "0.27.2"
  resolved "https://registry.yarnpkg.com/@esbuild/linux-arm64/-/linux-arm64-0.27.2.tgz#dc4acf235531cd6984f5d6c3b13dbfb7ddb303cb"
  integrity sha512-hYxN8pr66NsCCiRFkHUAsxylNOcAQaxSSkHMMjcpx0si13t1LHFphxJZUiGwojB1a/Hd5OiPIqDdXONia6bhTw==

"@esbuild/linux-arm@0.27.2":
  version "0.27.2"
  resolved "https://registry.yarnpkg.com/@esbuild/linux-arm/-/linux-arm-0.27.2.tgz#56a900e39240d7d5d1d273bc053daa295c92e322"
  integrity sha512-vWfq4GaIMP9AIe4yj1ZUW18RDhx6EPQKjwe7n8BbIecFtCQG4CfHGaHuh7fdfq+y3LIA2vGS/o9ZBGVxIDi9hw==

"@esbuild/linux-ia32@0.27.2":
  version "0.27.2"
  resolved "https://registry.yarnpkg.com/@esbuild/linux-ia32/-/linux-ia32-0.27.2.tgz#d4a36d473360f6870efcd19d52bbfff59a2ed1cc"
  integrity sha512-MJt5BRRSScPDwG2hLelYhAAKh9imjHK5+NE/tvnRLbIqUWa+0E9N4WNMjmp/kXXPHZGqPLxggwVhz7QP8CTR8w==

"@esbuild/linux-loong64@0.27.2":
  version "0.27.2"
  resolved "https://registry.yarnpkg.com/@esbuild/linux-loong64/-/linux-loong64-0.27.2.tgz#fcf0ab8c3eaaf45891d0195d4961cb18b579716a"
  integrity sha512-lugyF1atnAT463aO6KPshVCJK5NgRnU4yb3FUumyVz+cGvZbontBgzeGFO1nF+dPueHD367a2ZXe1NtUkAjOtg==

"@esbuild/linux-mips64el@0.27.2":
  version "0.27.2"
  resolved "https://registry.yarnpkg.com/@esbuild/linux-mips64el/-/linux-mips64el-0.27.2.tgz#598b67d34048bb7ee1901cb12e2a0a434c381c10"
  integrity sha512-nlP2I6ArEBewvJ2gjrrkESEZkB5mIoaTswuqNFRv/WYd+ATtUpe9Y09RnJvgvdag7he0OWgEZWhviS1OTOKixw==

"@esbuild/linux-ppc64@0.27.2":
  version "0.27.2"
  resolved "https://registry.yarnpkg.com/@esbuild/linux-ppc64/-/linux-ppc64-0.27.2.tgz#3846c5df6b2016dab9bc95dde26c40f11e43b4c0"
  integrity sha512-C92gnpey7tUQONqg1n6dKVbx3vphKtTHJaNG2Ok9lGwbZil6DrfyecMsp9CrmXGQJmZ7iiVXvvZH6Ml5hL6XdQ==

"@esbuild/linux-riscv64@0.27.2":
  version "0.27.2"
  resolved "https://registry.yarnpkg.com/@esbuild/linux-riscv64/-/linux-riscv64-0.27.2.tgz#173d4475b37c8d2c3e1707e068c174bb3f53d07d"
  integrity sha512-B5BOmojNtUyN8AXlK0QJyvjEZkWwy/FKvakkTDCziX95AowLZKR6aCDhG7LeF7uMCXEJqwa8Bejz5LTPYm8AvA==

"@esbuild/linux-s390x@0.27.2":
  version "0.27.2"
  resolved "https://registry.yarnpkg.com/@esbuild/linux-s390x/-/linux-s390x-0.27.2.tgz#f7a4790105edcab8a5a31df26fbfac1aa3dacfab"
  integrity sha512-p4bm9+wsPwup5Z8f4EpfN63qNagQ47Ua2znaqGH6bqLlmJ4bx97Y9JdqxgGZ6Y8xVTixUnEkoKSHcpRlDnNr5w==

"@esbuild/linux-x64@0.27.2":
  version "0.27.2"
  resolved "https://registry.yarnpkg.com/@esbuild/linux-x64/-/linux-x64-0.27.2.tgz#2ecc1284b1904aeb41e54c9ddc7fcd349b18f650"
  integrity sha512-uwp2Tip5aPmH+NRUwTcfLb+W32WXjpFejTIOWZFw/v7/KnpCDKG66u4DLcurQpiYTiYwQ9B7KOeMJvLCu/OvbA==

"@esbuild/netbsd-arm64@0.27.2":
  version "0.27.2"
  resolved "https://registry.yarnpkg.com/@esbuild/netbsd-arm64/-/netbsd-arm64-0.27.2.tgz#e2863c2cd1501845995cb11adf26f7fe4be527b0"
  integrity sha512-Kj6DiBlwXrPsCRDeRvGAUb/LNrBASrfqAIok+xB0LxK8CHqxZ037viF13ugfsIpePH93mX7xfJp97cyDuTZ3cw==

"@esbuild/netbsd-x64@0.27.2":
  version "0.27.2"
  resolved "https://registry.yarnpkg.com/@esbuild/netbsd-x64/-/netbsd-x64-0.27.2.tgz#93f7609e2885d1c0b5a1417885fba8d1fcc41272"
  integrity sha512-HwGDZ0VLVBY3Y+Nw0JexZy9o/nUAWq9MlV7cahpaXKW6TOzfVno3y3/M8Ga8u8Yr7GldLOov27xiCnqRZf0tCA==

"@esbuild/openbsd-arm64@0.27.2":
  version "0.27.2"
  resolved "https://registry.yarnpkg.com/@esbuild/openbsd-arm64/-/openbsd-arm64-0.27.2.tgz#a1985604a203cdc325fd47542e106fafd698f02e"
  integrity sha512-DNIHH2BPQ5551A7oSHD0CKbwIA/Ox7+78/AWkbS5QoRzaqlev2uFayfSxq68EkonB+IKjiuxBFoV8ESJy8bOHA==

"@esbuild/openbsd-x64@0.27.2":
  version "0.27.2"
  resolved "https://registry.yarnpkg.com/@esbuild/openbsd-x64/-/openbsd-x64-0.27.2.tgz#8209e46c42f1ffbe6e4ef77a32e1f47d404ad42a"
  integrity sha512-/it7w9Nb7+0KFIzjalNJVR5bOzA9Vay+yIPLVHfIQYG/j+j9VTH84aNB8ExGKPU4AzfaEvN9/V4HV+F+vo8OEg==

"@esbuild/openharmony-arm64@0.27.2":
  version "0.27.2"
  resolved "https://registry.yarnpkg.com/@esbuild/openharmony-arm64/-/openharmony-arm64-0.27.2.tgz#8fade4441893d9cc44cbd7dcf3776f508ab6fb2f"
  integrity sha512-LRBbCmiU51IXfeXk59csuX/aSaToeG7w48nMwA6049Y4J4+VbWALAuXcs+qcD04rHDuSCSRKdmY63sruDS5qag==

"@esbuild/sunos-x64@0.27.2":
  version "0.27.2"
  resolved "https://registry.yarnpkg.com/@esbuild/sunos-x64/-/sunos-x64-0.27.2.tgz#980d4b9703a16f0f07016632424fc6d9a789dfc2"
  integrity sha512-kMtx1yqJHTmqaqHPAzKCAkDaKsffmXkPHThSfRwZGyuqyIeBvf08KSsYXl+abf5HDAPMJIPnbBfXvP2ZC2TfHg==

"@esbuild/win32-arm64@0.27.2":
  version "0.27.2"
  resolved "https://registry.yarnpkg.com/@esbuild/win32-arm64/-/win32-arm64-0.27.2.tgz#1c09a3633c949ead3d808ba37276883e71f6111a"
  integrity sha512-Yaf78O/B3Kkh+nKABUF++bvJv5Ijoy9AN1ww904rOXZFLWVc5OLOfL56W+C8F9xn5JQZa3UX6m+IktJnIb1Jjg==

"@esbuild/win32-ia32@0.27.2":
  version "0.27.2"
  resolved "https://registry.yarnpkg.com/@esbuild/win32-ia32/-/win32-ia32-0.27.2.tgz#1b1e3a63ad4bef82200fef4e369e0fff7009eee5"
  integrity sha512-Iuws0kxo4yusk7sw70Xa2E2imZU5HoixzxfGCdxwBdhiDgt9vX9VUCBhqcwY7/uh//78A1hMkkROMJq9l27oLQ==

"@esbuild/win32-x64@0.27.2":
  version "0.27.2"
  resolved "https://registry.yarnpkg.com/@esbuild/win32-x64/-/win32-x64-0.27.2.tgz#9e585ab6086bef994c6e8a5b3a0481219ada862b"
  integrity sha512-sRdU18mcKf7F+YgheI/zGf5alZatMUTKj/jNS6l744f9u3WFu4v7twcUI9vu4mknF4Y9aDlblIie0IM+5xxaqQ==

"@rollup/rollup-android-arm-eabi@4.55.1":
  version "4.55.1"
  resolved "https://registry.yarnpkg.com/@rollup/rollup-android-arm-eabi/-/rollup-android-arm-eabi-4.55.1.tgz#76e0fef6533b3ce313f969879e61e8f21f0eeb28"
  integrity sha512-9R0DM/ykwfGIlNu6+2U09ga0WXeZ9MRC2Ter8jnz8415VbuIykVuc6bhdrbORFZANDmTDvq26mJrEVTl8TdnDg==

"@rollup/rollup-android-arm64@4.55.1":
  version "4.55.1"
  resolved "https://registry.yarnpkg.com/@rollup/rollup-android-arm64/-/rollup-android-arm64-4.55.1.tgz#d3cfc675a40bbdec97bda6d7fe3b3b05f0e1cd93"
  integrity sha512-eFZCb1YUqhTysgW3sj/55du5cG57S7UTNtdMjCW7LwVcj3dTTcowCsC8p7uBdzKsZYa8J7IDE8lhMI+HX1vQvg==

"@rollup/rollup-darwin-arm64@4.55.1":
  version "4.55.1"
  resolved "https://registry.yarnpkg.com/@rollup/rollup-darwin-arm64/-/rollup-darwin-arm64-4.55.1.tgz#eb912b8f59dd47c77b3c50a78489013b1d6772b4"
  integrity sha512-p3grE2PHcQm2e8PSGZdzIhCKbMCw/xi9XvMPErPhwO17vxtvCN5FEA2mSLgmKlCjHGMQTP6phuQTYWUnKewwGg==

"@rollup/rollup-darwin-x64@4.55.1":
  version "4.55.1"
  resolved "https://registry.yarnpkg.com/@rollup/rollup-darwin-x64/-/rollup-darwin-x64-4.55.1.tgz#e7d0839fdfd1276a1d34bc5ebbbd0dfd7d0b81a0"
  integrity sha512-rDUjG25C9qoTm+e02Esi+aqTKSBYwVTaoS1wxcN47/Luqef57Vgp96xNANwt5npq9GDxsH7kXxNkJVEsWEOEaQ==

"@rollup/rollup-freebsd-arm64@4.55.1":
  version "4.55.1"
  resolved "https://registry.yarnpkg.com/@rollup/rollup-freebsd-arm64/-/rollup-freebsd-arm64-4.55.1.tgz#7ff8118760f7351e48fd0cd3717ff80543d6aac8"
  integrity sha512-+JiU7Jbp5cdxekIgdte0jfcu5oqw4GCKr6i3PJTlXTCU5H5Fvtkpbs4XJHRmWNXF+hKmn4v7ogI5OQPaupJgOg==

"@rollup/rollup-freebsd-x64@4.55.1":
  version "4.55.1"
  resolved "https://registry.yarnpkg.com/@rollup/rollup-freebsd-x64/-/rollup-freebsd-x64-4.55.1.tgz#49d330dadbda1d4e9b86b4a3951b59928a9489a9"
  integrity sha512-V5xC1tOVWtLLmr3YUk2f6EJK4qksksOYiz/TCsFHu/R+woubcLWdC9nZQmwjOAbmExBIVKsm1/wKmEy4z4u4Bw==

"@rollup/rollup-linux-arm-gnueabihf@4.55.1":
  version "4.55.1"
  resolved "https://registry.yarnpkg.com/@rollup/rollup-linux-arm-gnueabihf/-/rollup-linux-arm-gnueabihf-4.55.1.tgz#98c5f1f8b9776b4a36e466e2a1c9ed1ba52ef1b6"
  integrity sha512-Rn3n+FUk2J5VWx+ywrG/HGPTD9jXNbicRtTM11e/uorplArnXZYsVifnPPqNNP5BsO3roI4n8332ukpY/zN7rQ==

"@rollup/rollup-linux-arm-musleabihf@4.55.1":
  version "4.55.1"
  resolved "https://registry.yarnpkg.com/@rollup/rollup-linux-arm-musleabihf/-/rollup-linux-arm-musleabihf-4.55.1.tgz#b9acecd3672e742f70b0c8a94075c816a91ff040"
  integrity sha512-grPNWydeKtc1aEdrJDWk4opD7nFtQbMmV7769hiAaYyUKCT1faPRm2av8CX1YJsZ4TLAZcg9gTR1KvEzoLjXkg==

"@rollup/rollup-linux-arm64-gnu@4.55.1":
  version "4.55.1"
  resolved "https://registry.yarnpkg.com/@rollup/rollup-linux-arm64-gnu/-/rollup-linux-arm64-gnu-4.55.1.tgz#7a6ab06651bc29e18b09a50ed1a02bc972977c9b"
  integrity sha512-a59mwd1k6x8tXKcUxSyISiquLwB5pX+fJW9TkWU46lCqD/GRDe9uDN31jrMmVP3feI3mhAdvcCClhV8V5MhJFQ==

"@rollup/rollup-linux-arm64-musl@4.55.1":
  version "4.55.1"
  resolved "https://registry.yarnpkg.com/@rollup/rollup-linux-arm64-musl/-/rollup-linux-arm64-musl-4.55.1.tgz#3c8c9072ba4a4d4ef1156b85ab9a2cbb57c1fad0"
  integrity sha512-puS1MEgWX5GsHSoiAsF0TYrpomdvkaXm0CofIMG5uVkP6IBV+ZO9xhC5YEN49nsgYo1DuuMquF9+7EDBVYu4uA==

"@rollup/rollup-linux-loong64-gnu@4.55.1":
  version "4.55.1"
  resolved "https://registry.yarnpkg.com/@rollup/rollup-linux-loong64-gnu/-/rollup-linux-loong64-gnu-4.55.1.tgz#17a7af13530f4e4a7b12cd26276c54307a84a8b0"
  integrity sha512-r3Wv40in+lTsULSb6nnoudVbARdOwb2u5fpeoOAZjFLznp6tDU8kd+GTHmJoqZ9lt6/Sys33KdIHUaQihFcu7g==

"@rollup/rollup-linux-loong64-musl@4.55.1":
  version "4.55.1"
  resolved "https://registry.yarnpkg.com/@rollup/rollup-linux-loong64-musl/-/rollup-linux-loong64-musl-4.55.1.tgz#5cd7a900fd7b077ecd753e34a9b7ff1157fe70c1"
  integrity sha512-MR8c0+UxAlB22Fq4R+aQSPBayvYa3+9DrwG/i1TKQXFYEaoW3B5b/rkSRIypcZDdWjWnpcvxbNaAJDcSbJU3Lw==

"@rollup/rollup-linux-ppc64-gnu@4.55.1":
  version "4.55.1"
  resolved "https://registry.yarnpkg.com/@rollup/rollup-linux-ppc64-gnu/-/rollup-linux-ppc64-gnu-4.55.1.tgz#03a097e70243ddf1c07b59d3c20f38e6f6800539"
  integrity sha512-3KhoECe1BRlSYpMTeVrD4sh2Pw2xgt4jzNSZIIPLFEsnQn9gAnZagW9+VqDqAHgm1Xc77LzJOo2LdigS5qZ+gw==

"@rollup/rollup-linux-ppc64-musl@4.55.1":
  version "4.55.1"
  resolved "https://registry.yarnpkg.com/@rollup/rollup-linux-ppc64-musl/-/rollup-linux-ppc64-musl-4.55.1.tgz#a5389873039d4650f35b4fa060d286392eb21a94"
  integrity sha512-ziR1OuZx0vdYZZ30vueNZTg73alF59DicYrPViG0NEgDVN8/Jl87zkAPu4u6VjZST2llgEUjaiNl9JM6HH1Vdw==

"@rollup/rollup-linux-riscv64-gnu@4.55.1":
  version "4.55.1"
  resolved "https://registry.yarnpkg.com/@rollup/rollup-linux-riscv64-gnu/-/rollup-linux-riscv64-gnu-4.55.1.tgz#789e60e7d6e2b76132d001ffb24ba80007fb17d0"
  integrity sha512-uW0Y12ih2XJRERZ4jAfKamTyIHVMPQnTZcQjme2HMVDAHY4amf5u414OqNYC+x+LzRdRcnIG1YodLrrtA8xsxw==

"@rollup/rollup-linux-riscv64-musl@4.55.1":
  version "4.55.1"
  resolved "https://registry.yarnpkg.com/@rollup/rollup-linux-riscv64-musl/-/rollup-linux-riscv64-musl-4.55.1.tgz#3556fa88d139282e9a73c337c9a170f3c5fe7aa4"
  integrity sha512-u9yZ0jUkOED1BFrqu3BwMQoixvGHGZ+JhJNkNKY/hyoEgOwlqKb62qu+7UjbPSHYjiVy8kKJHvXKv5coH4wDeg==

"@rollup/rollup-linux-s390x-gnu@4.55.1":
  version "4.55.1"
  resolved "https://registry.yarnpkg.com/@rollup/rollup-linux-s390x-gnu/-/rollup-linux-s390x-gnu-4.55.1.tgz#c085995b10143c16747a67f1a5487512b2ff04b2"
  integrity sha512-/0PenBCmqM4ZUd0190j7J0UsQ/1nsi735iPRakO8iPciE7BQ495Y6msPzaOmvx0/pn+eJVVlZrNrSh4WSYLxNg==

"@rollup/rollup-linux-x64-gnu@4.55.1":
  version "4.55.1"
  resolved "https://registry.yarnpkg.com/@rollup/rollup-linux-x64-gnu/-/rollup-linux-x64-gnu-4.55.1.tgz#9563a5419dd2604841bad31a39ccfdd2891690fb"
  integrity sha512-a8G4wiQxQG2BAvo+gU6XrReRRqj+pLS2NGXKm8io19goR+K8lw269eTrPkSdDTALwMmJp4th2Uh0D8J9bEV1vg==

"@rollup/rollup-linux-x64-musl@4.55.1":
  version "4.55.1"
  resolved "https://registry.yarnpkg.com/@rollup/rollup-linux-x64-musl/-/rollup-linux-x64-musl-4.55.1.tgz#691bb06e6269a8959c13476b0cd2aa7458facb31"
  integrity sha512-bD+zjpFrMpP/hqkfEcnjXWHMw5BIghGisOKPj+2NaNDuVT+8Ds4mPf3XcPHuat1tz89WRL+1wbcxKY3WSbiT7w==

"@rollup/rollup-openbsd-x64@4.55.1":
  version "4.55.1"
  resolved "https://registry.yarnpkg.com/@rollup/rollup-openbsd-x64/-/rollup-openbsd-x64-4.55.1.tgz#223e71224746a59ce6d955bbc403577bb5a8be9d"
  integrity sha512-eLXw0dOiqE4QmvikfQ6yjgkg/xDM+MdU9YJuP4ySTibXU0oAvnEWXt7UDJmD4UkYialMfOGFPJnIHSe/kdzPxg==

"@rollup/rollup-openharmony-arm64@4.55.1":
  version "4.55.1"
  resolved "https://registry.yarnpkg.com/@rollup/rollup-openharmony-arm64/-/rollup-openharmony-arm64-4.55.1.tgz#0817e5d8ecbfeb8b7939bf58f8ce3c9dd67fce77"
  integrity sha512-xzm44KgEP11te3S2HCSyYf5zIzWmx3n8HDCc7EE59+lTcswEWNpvMLfd9uJvVX8LCg9QWG67Xt75AuHn4vgsXw==

"@rollup/rollup-win32-arm64-msvc@4.55.1":
  version "4.55.1"
  resolved "https://registry.yarnpkg.com/@rollup/rollup-win32-arm64-msvc/-/rollup-win32-arm64-msvc-4.55.1.tgz#de56d8f2013c84570ef5fb917aae034abda93e4a"
  integrity sha512-yR6Bl3tMC/gBok5cz/Qi0xYnVbIxGx5Fcf/ca0eB6/6JwOY+SRUcJfI0OpeTpPls7f194as62thCt/2BjxYN8g==

"@rollup/rollup-win32-ia32-msvc@4.55.1":
  version "4.55.1"
  resolved "https://registry.yarnpkg.com/@rollup/rollup-win32-ia32-msvc/-/rollup-win32-ia32-msvc-4.55.1.tgz#659aff5244312475aeea2c9479a6c7d397b517bf"
  integrity sha512-3fZBidchE0eY0oFZBnekYCfg+5wAB0mbpCBuofh5mZuzIU/4jIVkbESmd2dOsFNS78b53CYv3OAtwqkZZmU5nA==

"@rollup/rollup-win32-x64-gnu@4.55.1":
  version "4.55.1"
  resolved "https://registry.yarnpkg.com/@rollup/rollup-win32-x64-gnu/-/rollup-win32-x64-gnu-4.55.1.tgz#2cb09549cbb66c1b979f9238db6dd454cac14a88"
  integrity sha512-xGGY5pXj69IxKb4yv/POoocPy/qmEGhimy/FoTpTSVju3FYXUQQMFCaZZXJVidsmGxRioZAwpThl/4zX41gRKg==

"@rollup/rollup-win32-x64-msvc@4.55.1":
  version "4.55.1"
  resolved "https://registry.yarnpkg.com/@rollup/rollup-win32-x64-msvc/-/rollup-win32-x64-msvc-4.55.1.tgz#f79437939020b83057faf07e98365b1fa51c458b"
  integrity sha512-SPEpaL6DX4rmcXtnhdrQYgzQ5W2uW3SCJch88lB2zImhJRhIIK44fkUrgIV/Q8yUNfw5oyZ5vkeQsZLhCb06lw==

"@types/estree@1.0.8":
  version "1.0.8"
  resolved "https://registry.yarnpkg.com/@types/estree/-/estree-1.0.8.tgz#958b91c991b1867ced318bedea0e215ee050726e"
  integrity sha512-dWHzHa2WqEXI/O1E9OjrocMTKJl2mSrEolh1Iomrv6U+JuNwaHXsXx9bLu5gG7BUWFIN0skIQJQ/L1rIex4X6w==

esbuild@^0.27.0:
  version "0.27.2"
  resolved "https://registry.yarnpkg.com/esbuild/-/esbuild-0.27.2.tgz#d83ed2154d5813a5367376bb2292a9296fc83717"
  integrity sha512-HyNQImnsOC7X9PMNaCIeAm4ISCQXs5a5YasTXVliKv4uuBo1dKrG0A+uQS8M5eXjVMnLg3WgXaKvprHlFJQffw==
  optionalDependencies:
    "@esbuild/aix-ppc64" "0.27.2"
    "@esbuild/android-arm" "0.27.2"
    "@esbuild/android-arm64" "0.27.2"
    "@esbuild/android-x64" "0.27.2"
    "@esbuild/darwin-arm64" "0.27.2"
    "@esbuild/darwin-x64" "0.27.2"
    "@esbuild/freebsd-arm64" "0.27.2"
    "@esbuild/freebsd-x64" "0.27.2"
    "@esbuild/linux-arm" "0.27.2"
    "@esbuild/linux-arm64" "0.27.2"
    "@esbuild/linux-ia32" "0.27.2"
    "@esbuild/linux-loong64" "0.27.2"
    "@esbuild/linux-mips64el" "0.27.2"
    "@esbuild/linux-ppc64" "0.27.2"
    "@esbuild/linux-riscv64" "0.27.2"
    "@esbuild/linux-s390x" "0.27.2"
    "@esbuild/linux-x64" "0.27.2"
    "@esbuild/netbsd-arm64" "0.27.2"
    "@esbuild/netbsd-x64" "0.27.2"
    "@esbuild/openbsd-arm64" "0.27.2"
    "@esbuild/openbsd-x64" "0.27.2"
    "@esbuild/openharmony-arm64" "0.27.2"
    "@esbuild/sunos-x64" "0.27.2"
    "@esbuild/win32-arm64" "0.27.2"
    "@esbuild/win32-ia32" "0.27.2"
    "@esbuild/win32-x64" "0.27.2"

fdir@^6.5.0:
  version "6.5.0"
  resolved "https://registry.yarnpkg.com/fdir/-/fdir-6.5.0.tgz#ed2ab967a331ade62f18d077dae192684d50d350"
  integrity sha512-tIbYtZbucOs0BRGqPJkshJUYdL+SDH7dVM8gjy+ERp3WAUjLEFJE+02kanyHtwjWOnwrKYBiwAmM0p4kLJAnXg==

fsevents@~2.3.2, fsevents@~2.3.3:
  version "2.3.3"
  resolved "https://registry.yarnpkg.com/fsevents/-/fsevents-2.3.3.tgz#cac6407785d03675a2a5e1a5305c697b347d90d6"
  integrity sha512-5xoDfX+fL7faATnagmWPpbFtwh/R77WmMMqqHGS65C3vvB0YHrgF+B1YmZ3441tMj5n63k0212XNoJwzlhffQw==

nanoid@^3.3.11:
  version "3.3.11"
  resolved "https://registry.yarnpkg.com/nanoid/-/nanoid-3.3.11.tgz#4f4f112cefbe303202f2199838128936266d185b"
  integrity sha512-N8SpfPUnUp1bK+PMYW8qSWdl9U+wwNWI4QKxOYDy9JAro3WMX7p2OeVRF9v+347pnakNevPmiHhNmZ2HbFA76w==

picocolors@^1.1.1:
  version "1.1.1"
  resolved "https://registry.yarnpkg.com/picocolors/-/picocolors-1.1.1.tgz#3d321af3eab939b083c8f929a1d12cda81c26b6b"
  integrity sha512-xceH2snhtb5M9liqDsmEw56le376mTZkEX/jEb/RxNFyegNul7eNslCXP9FDj/Lcu0X8KEyMceP2ntpaHrDEVA==

picomatch@^4.0.3:
  version "4.0.3"
  resolved "https://registry.yarnpkg.com/picomatch/-/picomatch-4.0.3.tgz#796c76136d1eead715db1e7bad785dedd695a042"
  integrity sha512-5gTmgEY/sqK6gFXLIsQNH19lWb4ebPDLA4SdLP7dsWkIXHWlG66oPuVvXSGFPppYZz8ZDZq0dYYrbHfBCVUb1Q==

postcss@^8.5.6:
  version "8.5.6"
  resolved "https://registry.yarnpkg.com/postcss/-/postcss-8.5.6.tgz#2825006615a619b4f62a9e7426cc120b349a8f3c"
  integrity sha512-3Ybi1tAuwAP9s0r1UQ2J4n5Y0G05bJkpUIO0/bI9MhwmD70S5aTWbXGBwxHrelT+XM1k6dM0pk+SwNkpTRN7Pg==
  dependencies:
    nanoid "^3.3.11"
    picocolors "^1.1.1"
    source-map-js "^1.2.1"

reveal.js@^5.2.1:
  version "5.2.1"
  resolved "https://registry.yarnpkg.com/reveal.js/-/reveal.js-5.2.1.tgz#22e5f4aca16b2b9efc0fef7b8b62455861fef39c"
  integrity sha512-r7//6mIM5p34hFiDMvYfXgyjXqGRta+/psd9YtytsgRlrpRzFv4RbH76TXd2qD+7ZPZEbpBDhdRhJaFgfQ7zNQ==

rollup@^4.43.0:
  version "4.55.1"
  resolved "https://registry.yarnpkg.com/rollup/-/rollup-4.55.1.tgz#4ec182828be440648e7ee6520dc35e9f20e05144"
  integrity sha512-wDv/Ht1BNHB4upNbK74s9usvl7hObDnvVzknxqY/E/O3X6rW1U1rV1aENEfJ54eFZDTNo7zv1f5N4edCluH7+A==
  dependencies:
    "@types/estree" "1.0.8"
  optionalDependencies:
    "@rollup/rollup-android-arm-eabi" "4.55.1"
    "@rollup/rollup-android-arm64" "4.55.1"
    "@rollup/rollup-darwin-arm64" "4.55.1"
    "@rollup/rollup-darwin-x64" "4.55.1"
    "@rollup/rollup-freebsd-arm64" "4.55.1"
    "@rollup/rollup-freebsd-x64" "4.55.1"
    "@rollup/rollup-linux-arm-gnueabihf" "4.55.1"
    "@rollup/rollup-linux-arm-musleabihf" "4.55.1"
    "@rollup/rollup-linux-arm64-gnu" "4.55.1"
    "@rollup/rollup-linux-arm64-musl" "4.55.1"
    "@rollup/rollup-linux-loong64-gnu" "4.55.1"
    "@rollup/rollup-linux-loong64-musl" "4.55.1"
    "@rollup/rollup-linux-ppc64-gnu" "4.55.1"
    "@rollup/rollup-linux-ppc64-musl" "4.55.1"
    "@rollup/rollup-linux-riscv64-gnu" "4.55.1"
    "@rollup/rollup-linux-riscv64-musl" "4.55.1"
    "@rollup/rollup-linux-s390x-gnu" "4.55.1"
    "@rollup/rollup-linux-x64-gnu" "4.55.1"
    "@rollup/rollup-linux-x64-musl" "4.55.1"
    "@rollup/rollup-openbsd-x64" "4.55.1"
    "@rollup/rollup-openharmony-arm64" "4.55.1"
    "@rollup/rollup-win32-arm64-msvc" "4.55.1"
    "@rollup/rollup-win32-ia32-msvc" "4.55.1"
    "@rollup/rollup-win32-x64-gnu" "4.55.1"
    "@rollup/rollup-win32-x64-msvc" "4.55.1"
    fsevents "~2.3.2"

source-map-js@^1.2.1:
  version "1.2.1"
  resolved "https://registry.yarnpkg.com/source-map-js/-/source-map-js-1.2.1.tgz#1ce5650fddd87abc099eda37dcff024c2667ae46"
  integrity sha512-UXWMKhLOwVKb728IUtQPXxfYU+usdybtUrK/8uGE8CQMvrhOpwvzDBwj0QhSL7MQc7vIsISBG8VQ8+IDQxpfQA==

tinyglobby@^0.2.15:
  version "0.2.15"
  resolved "https://registry.yarnpkg.com/tinyglobby/-/tinyglobby-0.2.15.tgz#e228dd1e638cea993d2fdb4fcd2d4602a79951c2"
  integrity sha512-j2Zq4NyQYG5XMST4cbs02Ak8iJUdxRM0XI5QyxXuZOzKOINmWurp3smXu3y5wDcJrptwpSjgXHzIQxR0omXljQ==
  dependencies:
    fdir "^6.5.0"
    picomatch "^4.0.3"

vite@^7.1.3:
  version "7.3.1"
  resolved "https://registry.yarnpkg.com/vite/-/vite-7.3.1.tgz#7f6cfe8fb9074138605e822a75d9d30b814d6507"
  integrity sha512-w+N7Hifpc3gRjZ63vYBXA56dvvRlNWRczTdmCBBa+CotUzAPf5b7YMdMR/8CQoeYE5LX3W4wj6RYTgonm1b9DA==
  dependencies:
    esbuild "^0.27.0"
    fdir "^6.5.0"
    picomatch "^4.0.3"
    postcss "^8.5.6"
    rollup "^4.43.0"
    tinyglobby "^0.2.15"
  optionalDependencies:
    fsevents "~2.3.3"
